
Microsoft Visual Studio Solution File, Format Version 12.00
# Visual Studio Version 17
VisualStudioVersion = 17.1.32210.238
MinimumVisualStudioVersion = 10.0.40219.1
Project("{9092AA53-FB77-4645-B42D-1CCCA6BD08BD}") = "MarsRover", "MarsRover\MarsRover.njsproj", "{3C5ED6D4-DD0B-465A-AA31-BA1D43968202}"
EndProject
Global
	GlobalSection(SolutionConfigurationPlatforms) = preSolution
		Debug|Any CPU = Debug|Any CPU
		Release|Any CPU = Release|Any CPU
	EndGlobalSection
	GlobalSection(ProjectConfigurationPlatforms) = postSolution
		{3C5ED6D4-DD0B-465A-AA31-BA1D43968202}.Debug|Any CPU.ActiveCfg = Debug|Any CPU
		{3C5ED6D4-DD0B-465A-AA31-BA1D43968202}.Debug|Any CPU.Build.0 = Debug|Any CPU
		{3C5ED6D4-DD0B-465A-AA31-BA1D43968202}.Release|Any CPU.ActiveCfg = Release|Any CPU
		{3C5ED6D4-DD0B-465A-AA31-BA1D43968202}.Release|Any CPU.Build.0 = Release|Any CPU
	EndGlobalSection
	GlobalSection(SolutionProperties) = preSolution
		HideSolutionNode = FALSE
	EndGlobalSection
	GlobalSection(ExtensibilityGlobals) = postSolution
		SolutionGuid = {09315939-06C3-4944-B4FB-D3CF2C883803}
	EndGlobalSection
EndGlobal
